lockfileVersion: '9.0'

settings:
  autoInstallPeers: true
  excludeLinksFromLockfile: false

importers:

  .:
    devDependencies:
      oxfmt:
        specifier: ^0.64.0
        version: 0.64.0

  cli:
    dependencies:
      '@effect/platform-node':
        specifier: 4.0.0-rc.111
        version: 4.0.0-rc.111(effect@4.0.0-rc.111)(redis@6.2.1)
      effect:
        specifier: 4.0.0-rc.111
        version: 4.0.0-rc.111
      yaml:
        specifier: ^2.8.0
        version: 2.9.0
    devDependencies:
      '@types/node':
        specifier: ^22.10.0
        version: 22.20.1
      typescript:
        specifier: ^5.7.0
        version: 5.9.3

packages:

  '@effect/platform-node-shared@4.0.0-rc.111':
    resolution: {integrity: sha512-iES0Q9vmjhaUKqeW9ceonuD45MUg/Ouk08LzRSptZ+B5qB0w9WlRjDmUz5TJmY2betNop5FRI5k4AD4mtQt3Bw==}
    engines: {node: '>=18.0.0'}
    peerDependencies:
      effect: ^4.0.0-rc.111

  '@effect/platform-node@4.0.0-rc.111':
    resolution: {integrity: sha512-oy1i7HsOGg/5r+DuBe5+ddmnUhnXmyZFPFPXZCBdO/RQpHK3PIFe1/2UMGxZE+ngDymrSksuQTSgQLF6P+MLqw==}
    engines: {node: '>=18.0.0'}
    peerDependencies:
      effect: ^4.0.0-rc.111
      redis: '>=5.0.0 <7.0.0'

  '@msgpackr-extract/msgpackr-extract-darwin-arm64@3.0.4':
    resolution: {integrity: sha512-LCkGo6JDfaBhgST7UpPWgNgLINpcpabaHfyz5OBx75nUYxBsaEPxjnyNjWpeb/xBup/682QnBfRBy2/LvPutZQ==}
    cpu: [arm64]
    os: [darwin]

  '@msgpackr-extract/msgpackr-extract-darwin-x64@3.0.4':
    resolution: {integrity: sha512-zExlW9zUJKZH/tOtVMttwjKa4Xm/3KcNjnE3dPN92uCktwavMxpgCA3MoJK/DOnTWsQgo224OaST27/mPNAf+w==}
    cpu: [x64]
    os: [darwin]

  '@msgpackr-extract/msgpackr-extract-linux-arm64@3.0.4':
    resolution: {integrity: sha512-dgX0P/9wGPJeHFBG+ZmhgE6bmtMt7NP5CRBGyyktpopdk/mW4POnrpQsSLtKI1dwpc+pPLuXHDh6vvskyQE/sw==}
    cpu: [arm64]
    os: [linux]

  '@msgpackr-extract/msgpackr-extract-linux-arm@3.0.4':
    resolution: {integrity: sha512-Tg3yX65f5GbtXLkrYEHE5oibZG9epyYWas7FogTTEJeDEF9JlXJzKgXaNhT3UXlTOeA+AfZpYZYZ0uPj7Cfquw==}
    cpu: [arm]
    os: [linux]

  '@msgpackr-extract/msgpackr-extract-linux-x64@3.0.4':
    resolution: {integrity: sha512-8TNXMEjJc3QEy7R/x1INhgiU+XakDAFUzBhaz7+Rbrs8NH5UQeHQxxmzsSBJGyV6I1jW79undiQm8tOI+D+8FQ==}
    cpu: [x64]
    os: [linux]

  '@msgpackr-extract/msgpackr-extract-win32-x64@3.0.4':
    resolution: {integrity: sha512-CmCXPQrkbwExx3j946/PtHWHbYJiCRBRDl4BlkRQcJB/YOwQxJRTpoo7aTsortjgoJ1x7opzTSxn7C+ASSLVjQ==}
    cpu: [x64]
    os: [win32]

  '@oxfmt/binding-android-arm-eabi@0.64.0':
    resolution: {integrity: sha512-o6uzh/jTOQeAY5TdkAeXdqv7MBRcPxiRA08zrcBtkKj5cSu/FMu0Hl7Q6Fi1KCKyCWZ6lJVjBzdsJvsKltUsGQ==}
    engines: {node: ^20.19.0 || >=22.12.0}
    cpu: [arm]
    os: [android]

  '@oxfmt/binding-android-arm64@0.64.0':
    resolution: {integrity: sha512-jRGSUeeP7p3Gynw2YaCVtjBIA6ZxY6bEB/ES5i54OhqmRTyuVg7ZgstEtzgq6GOAJd+2QZ5pvf+bFfmW5Mp9cw==}
    engines: {node: ^20.19.0 || >=22.12.0}
    cpu: [arm64]
    os: [android]

  '@oxfmt/binding-darwin-arm64@0.64.0':
    resolution: {integrity: sha512-JINwtU2lW7nOFSqi+H2qplipNUqah9Gc1jgGmB82kTD4UnZrZIVxCJ9qEmFiKfjNq27gYLFhrUb0to86aCwMjw==}
    engines: {node: ^20.19.0 || >=22.12.0}
    cpu: [arm64]
    os: [darwin]

  '@oxfmt/binding-darwin-x64@0.64.0':
    resolution: {integrity: sha512-gCmuswrgrOSajV4HCRFkVCGIruPq8bjYuPYgSE2WQB3mD6XrdyZ3JMSRZCkQ8zCxOyGWriBo6QoZ5nmMHQ1BfA==}
    engines: {node: ^20.19.0 || >=22.12.0}
    cpu: [x64]
    os: [darwin]

  '@oxfmt/binding-freebsd-x64@0.64.0':
    resolution: {integrity: sha512-Ab8g7a38pT0MMImjh7anRSTve6buWBIlcXIFBYa5xl4s6UxEgKSc2xOOhbGtLwvXnEi2PsEDGoJh3oUU7xkehQ==}
    engines: {node: ^20.19.0 || >=22.12.0}
    cpu: [x64]
    os: [freebsd]

  '@oxfmt/binding-linux-arm-gnueabihf@0.64.0':
    resolution: {integrity: sha512-BgvS3CoQ+Xy2deoZqEN8JVKabcCZi2RxA3yant8G9OAv9KuPJ9TCjHkqigzdHUVwErZxEP5d2bzLIEyKYyBDLg==}
    engines: {node: ^20.19.0 || >=22.12.0}
    cpu: [arm]
    os: [linux]

  '@oxfmt/binding-linux-arm-musleabihf@0.64.0':
    resolution: {integrity: sha512-QXpNxwoMj0YvnceCNZadNSden3bIcnvjn/sDp/rwZhRoZoZYGpHvtPyhGsdJz9uvT9GkaMW7SsLddurU56dt8w==}
    engines: {node: ^20.19.0 || >=22.12.0}
    cpu: [arm]
    os: [linux]

  '@oxfmt/binding-linux-arm64-gnu@0.64.0':
    resolution: {integrity: sha512-BBgH3I1ppDsI5pZ4Pdhw0ceYxwVCfbU/bZEBCeZ6caRS9x0ZabErxubP7riGUn11PXZBhe8DYdjkDKP1FlVQ5w==}
    engines: {node: ^20.19.0 || >=22.12.0}
    cpu: [arm64]
    os: [linux]
    libc: [glibc]

  '@oxfmt/binding-linux-arm64-musl@0.64.0':
    resolution: {integrity: sha512-v19HSjC/BGXdt26qEvKZtwAHgGmQ2Agcap2kQP+KIqoRZqivVzYth3ui2dJA1i+6/fjpjga85lIOaJJjQ/bOOw==}
    engines: {node: ^20.19.0 || >=22.12.0}
    cpu: [arm64]
    os: [linux]
    libc: [musl]

  '@oxfmt/binding-linux-ppc64-gnu@0.64.0':
    resolution: {integrity: sha512-PElLnOo4xFTBZrxPhgTIj0eHqZXwEBQoNWtb7facUV170T0B0FRET0iNbb3LUeLWTybkUW+vsdyv4ihOdyXGyw==}
    engines: {node: ^20.19.0 || >=22.12.0}
    cpu: [ppc64]
    os: [linux]
    libc: [glibc]

  '@oxfmt/binding-linux-riscv64-gnu@0.64.0':
    resolution: {integrity: sha512-Qzsg15n4F5CH+MorcRW4MkAEMiLzXmeG+DiDSbP/bBTqCmWOH3K9DHryNrve+JHlV0txS+B6Z9P5Xz+cmWeL+g==}
    engines: {node: ^20.19.0 || >=22.12.0}
    cpu: [riscv64]
    os: [linux]
    libc: [glibc]

  '@oxfmt/binding-linux-riscv64-musl@0.64.0':
    resolution: {integrity: sha512-/GZ358wnQ/Ez4UVnCcZIi56JkY0sOdZ+B108pqXKqZz3jLS59F4KEAB1Qv3fRlObrFEk+3L2vUQ/xoPx+3vjXw==}
    engines: {node: ^20.19.0 || >=22.12.0}
    cpu: [riscv64]
    os: [linux]
    libc: [musl]

  '@oxfmt/binding-linux-s390x-gnu@0.64.0':
    resolution: {integrity: sha512-/C9We3DXegowfLXtVCYHeNiU9azwCDr5cQkEtCVlc74vyn+lLQSPApJ1CZmxAduqeq/Oi3gQ+IVptyhCaTMtkQ==}
    engines: {node: ^20.19.0 || >=22.12.0}
    cpu: [s390x]
    os: [linux]
    libc: [glibc]

  '@oxfmt/binding-linux-x64-gnu@0.64.0':
    resolution: {integrity: sha512-91KM2CeRWscIEHlj1NsW2WSnzGeq1Ehq+39bfDowTdkn+fcvK/x4Y1RcyqT7glyBjZio0ldkeCG6Usj3v7ASog==}
    engines: {node: ^20.19.0 || >=22.12.0}
    cpu: [x64]
    os: [linux]
    libc: [glibc]

  '@oxfmt/binding-linux-x64-musl@0.64.0':
    resolution: {integrity: sha512-gw7uEk9I+7zoT1EYLra1eWArIzNcz8e3jkv+Noo2+o2T7wPvsNSQbfoa4DSfZlvn1i6mJ05RiZ4/omaXPDNhQg==}
    engines: {node: ^20.19.0 || >=22.12.0}
    cpu: [x64]
    os: [linux]
    libc: [musl]

  '@oxfmt/binding-openharmony-arm64@0.64.0':
    resolution: {integrity: sha512-HYHFf616FHSPSO07c09mjmXBfQ73wIVM3m0txOiooa5XZkGoxFd6B14PVj0LB0DXIqJ6wAO/dDR/NX/5UUaqnw==}
    engines: {node: ^20.19.0 || >=22.12.0}
    cpu: [arm64]
    os: [openharmony]

  '@oxfmt/binding-win32-arm64-msvc@0.64.0':
    resolution: {integrity: sha512-uQjFp081IZSWD6VAofX2iO2z01awAdHmfC+NrieWIPKrT2hZKQDyq/U18M7ifC0sm0Wz8aHY/p6+FDYIzs/CrQ==}
    engines: {node: ^20.19.0 || >=22.12.0}
    cpu: [arm64]
    os: [win32]

  '@oxfmt/binding-win32-ia32-msvc@0.64.0':
    resolution: {integrity: sha512-lNM6byTAQ881jugzFu8juJTbNRgsUTlswMA6pJmwi1XDvmIqnnb49lcUAs5gz94fCJLrVN+/X3s3jOKqx23WIQ==}
    engines: {node: ^20.19.0 || >=22.12.0}
    cpu: [ia32]
    os: [win32]

  '@oxfmt/binding-win32-x64-msvc@0.64.0':
    resolution: {integrity: sha512-BtmbtL/QjMtF1a6C3CqoDluH2IfB6fJt62E+B9RFfUPtFk4Iz9PFS6+y/SzzOvSxc7aUk2Kphwg7Dh8lMbwu6g==}
    engines: {node: ^20.19.0 || >=22.12.0}
    cpu: [x64]
    os: [win32]

  '@redis/bloom@6.2.1':
    resolution: {integrity: sha512-huQgNLaCIZfQ9SeLn4q9124uOUd8HbZDYHwwUzNcRgHqCHiHKl2dDxMqJCeWh8cMqZAoWuHR8XnWbDMIf+o7ag==}
    engines: {node: '>= 20.0.0'}
    peerDependencies:
      '@redis/client': ^6.2.1

  '@redis/client@6.2.1':
    resolution: {integrity: sha512-LzxBY7SIBvvJiyCgcaJZZakE3fJrZZ++i24+EDW9fKpCl68D35uJcKFpZZwCfOoG9WZTbyZlMzMeM0gtOAMU9Q==}
    engines: {node: '>= 20.0.0'}
    peerDependencies:
      '@node-rs/xxhash': ^1.1.0
      '@opentelemetry/api': '>=1 <2'
    peerDependenciesMeta:
      '@node-rs/xxhash':
        optional: true
      '@opentelemetry/api':
        optional: true

  '@redis/json@6.2.1':
    resolution: {integrity: sha512-AFIUJ8Gj0DaaSBHYuSt8+O0oYWM+50OK1c0OmodB7XERIA8+BbyV3O4v76f9iccWasd1/7qjfZTpuzexUaZtrQ==}
    engines: {node: '>= 20.0.0'}
    peerDependencies:
      '@redis/client': ^6.2.1

  '@redis/search@6.2.1':
    resolution: {integrity: sha512-2vfOAOyYFE7UUw3sBBlkqqruBtOUS4HRY5MtW4hp83llrwvtrTE4r22CEqXddlV+54zkLxBE4nmsIJ/dpezQrQ==}
    engines: {node: '>= 20.0.0'}
    peerDependencies:
      '@redis/client': ^6.2.1

  '@redis/time-series@6.2.1':
    resolution: {integrity: sha512-kiYniph04dJOole+L359B6C9E+jYS2uDP7hca6Onj0xF38ZIpyxARO0Iq0W4ZRn1e8Q6vqW00QFZVSMRA/2Ijw==}
    engines: {node: '>= 20.0.0'}
    peerDependencies:
      '@redis/client': ^6.2.1

  '@standard-schema/spec@1.1.0':
    resolution: {integrity: sha512-l2aFy5jALhniG5HgqrD6jXLi/rUWrKvqN/qJx6yoJsgKhblVd+iqqU4RCXavm/jPityDo5TCvKMnpjKnOriy0w==}

  '@types/node@22.20.1':
    resolution: {integrity: sha512-EANqOCF9QFyra+4pfxUcX9STKJpCLjMbObVzljIJomAWSnuSIEAvyzEU53GaajbXJEgdh0iEcPL+DGvpUd4k1Q==}

  '@types/ws@8.18.1':
    resolution: {integrity: sha512-ThVF6DCVhA8kUGy+aazFQ4kXQ7E1Ty7A3ypFOe0IcJV8O/M511G99AW24irKrW56Wt44yG9+ij8FaqoBGkuBXg==}

  cluster-key-slot@1.1.2:
    resolution: {integrity: sha512-RMr0FhtfXemyinomL4hrWcYJxmX6deFdCxpJzhDttxgO1+bcCnkk+9drydLVDmAMG7NE6aN/fl4F7ucU/90gAA==}
    engines: {node: '>=0.10.0'}

  detect-libc@2.1.2:
    resolution: {integrity: sha512-Btj2BOOO83o3WyH59e8MgXsxEQVcarkUOpEYrubB0urwnN10yQ364rsiByU11nZlqWYZm05i/of7io4mzihBtQ==}
    engines: {node: '>=8'}

  effect@4.0.0-rc.111:
    resolution: {integrity: sha512-ASd5L58EIR0CUNueZNKKjSsyOCd+2alxOAIaTcHaqkJkPsaYSsw5Cg/cfANk5K4Jr2YsX756xvX11shzqsreWA==}

  fast-check@4.9.0:
    resolution: {integrity: sha512-7ms6T7SybUev/PQITciI0yLM2pOSFy5zpG8Ty7tQofcVaQUvrMXp6CBwqF6fThLCLOrfBtuHAtwq6Yu4XPCllg==}
    engines: {node: '>=12.17.0'}

  mime@4.1.0:
    resolution: {integrity: sha512-X5ju04+cAzsojXKes0B/S4tcYtFAJ6tTMuSPBEn9CPGlrWr8Fiw7qYeLT0XyH80HSoAoqWCaz+MWKh22P7G1cw==}
    engines: {node: '>=16'}
    hasBin: true

  msgpackr-extract@3.0.4:
    resolution: {integrity: sha512-4kmO/MdyUIkLIvTPr8VHLil4AtoKIoniWPIEk5+CDy0xnWC84azhSFmuJ7PxZdsYtiP5kEeQsORAVIeMgxT+Hw==}
    hasBin: true

  msgpackr@2.0.5:
    resolution: {integrity: sha512-cef05H/dSYpLpqp3sj/qyZh5vhUYCalnaLO7j1yOmpsR0y/XwLVtK7r5gn+U/F7CTEfMowcGhlUQJDLcLf7jcA==}

  node-gyp-build-optional-packages@5.2.2:
    resolution: {integrity: sha512-s+w+rBWnpTMwSFbaE0UXsRlg7hU4FjekKU4eyAih5T8nJuNZT1nNsskXpxmeqSK9UzkBl6UgRlnKc8hz8IEqOw==}
    hasBin: true

  oxfmt@0.64.0:
    resolution: {integrity: sha512-XZ4GFBN/PLbXKq+0zrgpQfPKYuJlUuj+nzZJY7UpIbFMNyefNLCdN9EwViycNqnYcv0wrn0jXcQLlqJp8RCKBg==}
    engines: {node: ^20.19.0 || >=22.12.0}
    hasBin: true
    peerDependencies:
      svelte: ^5.0.0
      vite-plus: '*'
    peerDependenciesMeta:
      svelte:
        optional: true
      vite-plus:
        optional: true

  pure-rand@8.4.2:
    resolution: {integrity: sha512-vvuOGgcuPJAirlHvuQw1TrOiw7ptaIXXmIbNuiNOY6lNGJJH49PQ1Kj4nd783nPdQhQdicgOjVI2yI/9BD6/Ng==}

  redis@6.2.1:
    resolution: {integrity: sha512-Z9VHtgYs48PiQC77X9O2Er8Hj4T+5BtFjT91/vi5Is1D04N72cA946ZslM1ImJw8ZctFBZWAVjM7S5wJNeHMpg==}
    engines: {node: '>= 20.0.0'}

  tinypool@2.1.0:
    resolution: {integrity: sha512-Pugqs6M0m7Lv1I7FtxN4aoyToKg1C4tu+/381vH35y8oENM/Ai7f7C4StcoK4/+BSw9ebcS8jRiVrORFKCALLw==}
    engines: {node: ^20.0.0 || >=22.0.0}

  typescript@5.9.3:
    resolution: {integrity: sha512-jl1vZzPDinLr9eUt3J/t7V6FgNEw9QjvBPdysz9KfQDD41fQrC2Y4vKQdiaUpFT4bXlb1RHhLpp8wtm6M5TgSw==}
    engines: {node: '>=14.17'}
    hasBin: true

  undici-types@6.21.0:
    resolution: {integrity: sha512-iwDZqg0QAGrg9Rav5H4n0M64c3mkR59cJ6wQp+7C4nI0gsmExaedaYLNO44eT4AtBBwjbTiGPMlt2Md0T9H9JQ==}

  undici@8.10.0:
    resolution: {integrity: sha512-HvltHd7avK13QIw/oLe4qoOLyoVSoafqJ2jYOrtMRBkbYT31eiBQ8O0ehRKZiEZCMEyLFQNIADpgCWC5fALvYQ==}
    engines: {node: '>=22.19.0'}

  ws@8.21.3:
    resolution: {integrity: sha512-201TZ/kPWxoPr/OKWjquZR1SWKXcvxdH+e1xrx89b3YbmzLMFCLfnaG1HFIgWzJOEWZ7MvpK++odZufgYR50Rw==}
    engines: {node: '>=10.0.0'}
    peerDependencies:
      bufferutil: ^4.0.1
      utf-8-validate: '>=5.0.2'
    peerDependenciesMeta:
      bufferutil:
        optional: true
      utf-8-validate:
        optional: true

  yaml@2.9.0:
    resolution: {integrity: sha512-2AvhNX3mb8zd6Zy7INTtSpl1F15HW6Wnqj0srWlkKLcpYl/gMIMJiyuGq2KeI2YFxUPjdlB+3Lc10seMLtL4cA==}
    engines: {node: '>= 14.6'}
    hasBin: true

snapshots:

  '@effect/platform-node-shared@4.0.0-rc.111(effect@4.0.0-rc.111)':
    dependencies:
      '@types/ws': 8.18.1
      effect: 4.0.0-rc.111
      ws: 8.21.3
    transitivePeerDependencies:
      - bufferutil
      - utf-8-validate

  '@effect/platform-node@4.0.0-rc.111(effect@4.0.0-rc.111)(redis@6.2.1)':
    dependencies:
      '@effect/platform-node-shared': 4.0.0-rc.111(effect@4.0.0-rc.111)
      effect: 4.0.0-rc.111
      mime: 4.1.0
      redis: 6.2.1
      undici: 8.10.0
    transitivePeerDependencies:
      - bufferutil
      - utf-8-validate

  '@msgpackr-extract/msgpackr-extract-darwin-arm64@3.0.4':
    optional: true

  '@msgpackr-extract/msgpackr-extract-darwin-x64@3.0.4':
    optional: true

  '@msgpackr-extract/msgpackr-extract-linux-arm64@3.0.4':
    optional: true

  '@msgpackr-extract/msgpackr-extract-linux-arm@3.0.4':
    optional: true

  '@msgpackr-extract/msgpackr-extract-linux-x64@3.0.4':
    optional: true

  '@msgpackr-extract/msgpackr-extract-win32-x64@3.0.4':
    optional: true

  '@oxfmt/binding-android-arm-eabi@0.64.0':
    optional: true

  '@oxfmt/binding-android-arm64@0.64.0':
    optional: true

  '@oxfmt/binding-darwin-arm64@0.64.0':
    optional: true

  '@oxfmt/binding-darwin-x64@0.64.0':
    optional: true

  '@oxfmt/binding-freebsd-x64@0.64.0':
    optional: true

  '@oxfmt/binding-linux-arm-gnueabihf@0.64.0':
    optional: true

  '@oxfmt/binding-linux-arm-musleabihf@0.64.0':
    optional: true

  '@oxfmt/binding-linux-arm64-gnu@0.64.0':
    optional: true

  '@oxfmt/binding-linux-arm64-musl@0.64.0':
    optional: true

  '@oxfmt/binding-linux-ppc64-gnu@0.64.0':
    optional: true

  '@oxfmt/binding-linux-riscv64-gnu@0.64.0':
    optional: true

  '@oxfmt/binding-linux-riscv64-musl@0.64.0':
    optional: true

  '@oxfmt/binding-linux-s390x-gnu@0.64.0':
    optional: true

  '@oxfmt/binding-linux-x64-gnu@0.64.0':
    optional: true

  '@oxfmt/binding-linux-x64-musl@0.64.0':
    optional: true

  '@oxfmt/binding-openharmony-arm64@0.64.0':
    optional: true

  '@oxfmt/binding-win32-arm64-msvc@0.64.0':
    optional: true

  '@oxfmt/binding-win32-ia32-msvc@0.64.0':
    optional: true

  '@oxfmt/binding-win32-x64-msvc@0.64.0':
    optional: true

  '@redis/bloom@6.2.1(@redis/client@6.2.1)':
    dependencies:
      '@redis/client': 6.2.1

  '@redis/client@6.2.1':
    dependencies:
      cluster-key-slot: 1.1.2

  '@redis/json@6.2.1(@redis/client@6.2.1)':
    dependencies:
      '@redis/client': 6.2.1

  '@redis/search@6.2.1(@redis/client@6.2.1)':
    dependencies:
      '@redis/client': 6.2.1

  '@redis/time-series@6.2.1(@redis/client@6.2.1)':
    dependencies:
      '@redis/client': 6.2.1

  '@standard-schema/spec@1.1.0': {}

  '@types/node@22.20.1':
    dependencies:
      undici-types: 6.21.0

  '@types/ws@8.18.1':
    dependencies:
      '@types/node': 22.20.1

  cluster-key-slot@1.1.2: {}

  detect-libc@2.1.2:
    optional: true

  effect@4.0.0-rc.111:
    dependencies:
      '@standard-schema/spec': 1.1.0
      fast-check: 4.9.0
      msgpackr: 2.0.5

  fast-check@4.9.0:
    dependencies:
      pure-rand: 8.4.2

  mime@4.1.0: {}

  msgpackr-extract@3.0.4:
    dependencies:
      node-gyp-build-optional-packages: 5.2.2
    optionalDependencies:
      '@msgpackr-extract/msgpackr-extract-darwin-arm64': 3.0.4
      '@msgpackr-extract/msgpackr-extract-darwin-x64': 3.0.4
      '@msgpackr-extract/msgpackr-extract-linux-arm': 3.0.4
      '@msgpackr-extract/msgpackr-extract-linux-arm64': 3.0.4
      '@msgpackr-extract/msgpackr-extract-linux-x64': 3.0.4
      '@msgpackr-extract/msgpackr-extract-win32-x64': 3.0.4
    optional: true

  msgpackr@2.0.5:
    optionalDependencies:
      msgpackr-extract: 3.0.4

  node-gyp-build-optional-packages@5.2.2:
    dependencies:
      detect-libc: 2.1.2
    optional: true

  oxfmt@0.64.0:
    dependencies:
      tinypool: 2.1.0
    optionalDependencies:
      '@oxfmt/binding-android-arm-eabi': 0.64.0
      '@oxfmt/binding-android-arm64': 0.64.0
      '@oxfmt/binding-darwin-arm64': 0.64.0
      '@oxfmt/binding-darwin-x64': 0.64.0
      '@oxfmt/binding-freebsd-x64': 0.64.0
      '@oxfmt/binding-linux-arm-gnueabihf': 0.64.0
      '@oxfmt/binding-linux-arm-musleabihf': 0.64.0
      '@oxfmt/binding-linux-arm64-gnu': 0.64.0
      '@oxfmt/binding-linux-arm64-musl': 0.64.0
      '@oxfmt/binding-linux-ppc64-gnu': 0.64.0
      '@oxfmt/binding-linux-riscv64-gnu': 0.64.0
      '@oxfmt/binding-linux-riscv64-musl': 0.64.0
      '@oxfmt/binding-linux-s390x-gnu': 0.64.0
      '@oxfmt/binding-linux-x64-gnu': 0.64.0
      '@oxfmt/binding-linux-x64-musl': 0.64.0
      '@oxfmt/binding-openharmony-arm64': 0.64.0
      '@oxfmt/binding-win32-arm64-msvc': 0.64.0
      '@oxfmt/binding-win32-ia32-msvc': 0.64.0
      '@oxfmt/binding-win32-x64-msvc': 0.64.0

  pure-rand@8.4.2: {}

  redis@6.2.1:
    dependencies:
      '@redis/bloom': 6.2.1(@redis/client@6.2.1)
      '@redis/client': 6.2.1
      '@redis/json': 6.2.1(@redis/client@6.2.1)
      '@redis/search': 6.2.1(@redis/client@6.2.1)
      '@redis/time-series': 6.2.1(@redis/client@6.2.1)
    transitivePeerDependencies:
      - '@node-rs/xxhash'
      - '@opentelemetry/api'

  tinypool@2.1.0: {}

  typescript@5.9.3: {}

  undici-types@6.21.0: {}

  undici@8.10.0: {}

  ws@8.21.3: {}

  yaml@2.9.0: {}
